
Microsoft Visual Studio Solution File, Format Version 12.00
# Visual Studio 14
VisualStudioVersion = 14.0.25420.1
MinimumVisualStudioVersion = 10.0.40219.1
Project("{FAE04EC0-301F-11D3-BF4B-00C04F79EFBC}") = "AOC_2016_10", "AOC_2016_10.csproj", "{907C5CF2-9212-4E5E-BC82-F476D9E317A5}"
EndProject
Global
	GlobalSection(SolutionConfigurationPlatforms) = preSolution
		Debug|Any CPU = Debug|Any CPU
		Release|Any CPU = Release|Any CPU
	EndGlobalSection
	GlobalSection(ProjectConfigurationPlatforms) = postSolution
		{907C5CF2-9212-4E5E-BC82-F476D9E317A5}.Debug|Any CPU.ActiveCfg = Debug|Any CPU
		{907C5CF2-9212-4E5E-BC82-F476D9E317A5}.Debug|Any CPU.Build.0 = Debug|Any CPU
		{907C5CF2-9212-4E5E-BC82-F476D9E317A5}.Release|Any CPU.ActiveCfg = Release|Any CPU
		{907C5CF2-9212-4E5E-BC82-F476D9E317A5}.Release|Any CPU.Build.0 = Release|Any CPU
	EndGlobalSection
	GlobalSection(SolutionProperties) = preSolution
		HideSolutionNode = FALSE
	EndGlobalSection
EndGlobal
