
Microsoft Visual Studio Solution File, Format Version 12.00
# Visual Studio 14
VisualStudioVersion = 14.0.25420.1
MinimumVisualStudioVersion = 10.0.40219.1
Project("{FAE04EC0-301F-11D3-BF4B-00C04F79EFBC}") = "AOC_2016_5", "AOC_2016_5.csproj", "{959A78EB-1756-44C6-B9E6-77498F6A74F1}"
EndProject
Global
	GlobalSection(SolutionConfigurationPlatforms) = preSolution
		Debug|Any CPU = Debug|Any CPU
		Release|Any CPU = Release|Any CPU
	EndGlobalSection
	GlobalSection(ProjectConfigurationPlatforms) = postSolution
		{959A78EB-1756-44C6-B9E6-77498F6A74F1}.Debug|Any CPU.ActiveCfg = Debug|Any CPU
		{959A78EB-1756-44C6-B9E6-77498F6A74F1}.Debug|Any CPU.Build.0 = Debug|Any CPU
		{959A78EB-1756-44C6-B9E6-77498F6A74F1}.Release|Any CPU.ActiveCfg = Release|Any CPU
		{959A78EB-1756-44C6-B9E6-77498F6A74F1}.Release|Any CPU.Build.0 = Release|Any CPU
	EndGlobalSection
	GlobalSection(SolutionProperties) = preSolution
		HideSolutionNode = FALSE
	EndGlobalSection
EndGlobal
